// !$*UTF8*$!
{
	archiveVersion = 1;
	classes = {
	};
	objectVersion = 50;
	objects = {

/* Begin PBXBuildFile section */
		D07B0A942182BB5600EA3DD2 /* AppDelegate.m in Sources */ = {isa = PBXBuildFile; fileRef = D07B0A932182BB5600EA3DD2 /* AppDelegate.m */; };
		D07B0A972182BB5600EA3DD2 /* ViewController.m in Sources */ = {isa = PBXBuildFile; fileRef = D07B0A962182BB5600EA3DD2 /* ViewController.m */; };
		D07B0A9A2182BB5600EA3DD2 /* Main.storyboard in Resources */ = {isa = PBXBuildFile; fileRef = D07B0A982182BB5600EA3DD2 /* Main.storyboard */; };
		D07B0A9C2182BB5800EA3DD2 /* Assets.xcassets in Resources */ = {isa = PBXBuildFile; fileRef = D07B0A9B2182BB5800EA3DD2 /* Assets.xcassets */; };
		D07B0A9F2182BB5800EA3DD2 /* LaunchScreen.storyboard in Resources */ = {isa = PBXBuildFile; fileRef = D07B0A9D2182BB5800EA3DD2 /* LaunchScreen.storyboard */; };
		D07B0AA22182BB5800EA3DD2 /* main.m in Sources */ = {isa = PBXBuildFile; fileRef = D07B0AA12182BB5800EA3DD2 /* main.m */; };
		D07B0AD82182BF0200EA3DD2 /* GMSPlacesClient.m in Sources */ = {isa = PBXBuildFile; fileRef = D07B0AAA2182BF0200EA3DD2 /* GMSPlacesClient.m */; };
		D07B0AD92182BF0200EA3DD2 /* GMSPlacePhotoMetadata.m in Sources */ = {isa = PBXBuildFile; fileRef = D07B0AAD2182BF0200EA3DD2 /* GMSPlacePhotoMetadata.m */; };
		D07B0ADA2182BF0200EA3DD2 /* GMSPlace.m in Sources */ = {isa = PBXBuildFile; fileRef = D07B0AB02182BF0200EA3DD2 /* GMSPlace.m */; };
		D07B0ADB2182BF0200EA3DD2 /* GMSAutocompleteContentViewController.m in Sources */ = {isa = PBXBuildFile; fileRef = D07B0AB32182BF0200EA3DD2 /* GMSAutocompleteContentViewController.m */; };
		D07B0ADC2182BF0200EA3DD2 /* GMSPlacesResources.m in Sources */ = {isa = PBXBuildFile; fileRef = D07B0AB42182BF0200EA3DD2 /* GMSPlacesResources.m */; };
		D07B0ADE2182BF0200EA3DD2 /* GMSAutocompleteResultsViewController.m in Sources */ = {isa = PBXBuildFile; fileRef = D07B0AB92182BF0200EA3DD2 /* GMSAutocompleteResultsViewController.m */; };
		D07B0ADF2182BF0200EA3DD2 /* GMSAutocompletePrediction.m in Sources */ = {isa = PBXBuildFile; fileRef = D07B0ABA2182BF0200EA3DD2 /* GMSAutocompletePrediction.m */; };
		D07B0AE02182BF0200EA3DD2 /* UIScrollView+NoDataExtend.m in Sources */ = {isa = PBXBuildFile; fileRef = D07B0ABB2182BF0200EA3DD2 /* UIScrollView+NoDataExtend.m */; };
		D07B0AE12182BF0200EA3DD2 /* GMSAutocompleteViewController.m in Sources */ = {isa = PBXBuildFile; fileRef = D07B0ABC2182BF0200EA3DD2 /* GMSAutocompleteViewController.m */; };
		D07B0AE22182BF0200EA3DD2 /* GMSAttributionTableViewCell.m in Sources */ = {isa = PBXBuildFile; fileRef = D07B0ABE2182BF0200EA3DD2 /* GMSAttributionTableViewCell.m */; };
		D07B0AE32182BF0200EA3DD2 /* GMSPlacePhotoMetadataList.m in Sources */ = {isa = PBXBuildFile; fileRef = D07B0ABF2182BF0200EA3DD2 /* GMSPlacePhotoMetadataList.m */; };
		D07B0AE42182BF0200EA3DD2 /* GMSAutocompleteTableDataSource.m in Sources */ = {isa = PBXBuildFile; fileRef = D07B0AC12182BF0200EA3DD2 /* GMSAutocompleteTableDataSource.m */; };
		D07B0AE62182BF0200EA3DD2 /* GMSPlaceLikelihoodList.m in Sources */ = {isa = PBXBuildFile; fileRef = D07B0AC72182BF0200EA3DD2 /* GMSPlaceLikelihoodList.m */; };
		D07B0AE72182BF0200EA3DD2 /* GMSPlaceTableViewCell.m in Sources */ = {isa = PBXBuildFile; fileRef = D07B0AC92182BF0200EA3DD2 /* GMSPlaceTableViewCell.m */; };
		D07B0AE82182BF0200EA3DD2 /* GMSPlaceLikelihood.m in Sources */ = {isa = PBXBuildFile; fileRef = D07B0ACA2182BF0200EA3DD2 /* GMSPlaceLikelihood.m */; };
		D07B0AE92182BF0200EA3DD2 /* GMSAutocompleteFilter.m in Sources */ = {isa = PBXBuildFile; fileRef = D07B0ACD2182BF0200EA3DD2 /* GMSAutocompleteFilter.m */; };
		D07B0AEA2182BF0200EA3DD2 /* GMSAddressComponent.m in Sources */ = {isa = PBXBuildFile; fileRef = D07B0ACE2182BF0200EA3DD2 /* GMSAddressComponent.m */; };
		D07B0AEB2182BF0200EA3DD2 /* GMSAutocompleteMatchFragment.m in Sources */ = {isa = PBXBuildFile; fileRef = D07B0ACF2182BF0200EA3DD2 /* GMSAutocompleteMatchFragment.m */; };
		D07B0AEC2182BF0200EA3DD2 /* GMSPlaceTypes.m in Sources */ = {isa = PBXBuildFile; fileRef = D07B0AD52182BF0200EA3DD2 /* GMSPlaceTypes.m */; };
		D07B0AED2182BF0200EA3DD2 /* GMSAutocompleteFetcher.m in Sources */ = {isa = PBXBuildFile; fileRef = D07B0AD72182BF0200EA3DD2 /* GMSAutocompleteFetcher.m */; };
		D07B0B032182CDF600EA3DD2 /* GMSPlacesResources.bundle in Resources */ = {isa = PBXBuildFile; fileRef = D07B0B022182CDF600EA3DD2 /* GMSPlacesResources.bundle */; };
		D07B0B052182CF0600EA3DD2 /* README.md in Resources */ = {isa = PBXBuildFile; fileRef = D07B0B042182CF0600EA3DD2 /* README.md */; };
/* End PBXBuildFile section */

/* Begin PBXFileReference section */
		D07B0A8F2182BB5600EA3DD2 /* GooglePlaces.app */ = {isa = PBXFileReference; explicitFileType = wrapper.application; includeInIndex = 0; path = GooglePlaces.app; sourceTree = BUILT_PRODUCTS_DIR; };
		D07B0A922182BB5600EA3DD2 /* AppDelegate.h */ = {isa = PBXFileReference; lastKnownFileType = sourcecode.c.h; path = AppDelegate.h; sourceTree = "<group>"; };
		D07B0A932182BB5600EA3DD2 /* AppDelegate.m */ = {isa = PBXFileReference; lastKnownFileType = sourcecode.c.objc; path = AppDelegate.m; sourceTree = "<group>"; };
		D07B0A952182BB5600EA3DD2 /* ViewController.h */ = {isa = PBXFileReference; lastKnownFileType = sourcecode.c.h; path = ViewController.h; sourceTree = "<group>"; };
		D07B0A962182BB5600EA3DD2 /* ViewController.m */ = {isa = PBXFileReference; lastKnownFileType = sourcecode.c.objc; path = ViewController.m; sourceTree = "<group>"; };
		D07B0A992182BB5600EA3DD2 /* Base */ = {isa = PBXFileReference; lastKnownFileType = file.storyboard; name = Base; path = Base.lproj/Main.storyboard; sourceTree = "<group>"; };
		D07B0A9B2182BB5800EA3DD2 /* Assets.xcassets */ = {isa = PBXFileReference; lastKnownFileType = folder.assetcatalog; path = Assets.xcassets; sourceTree = "<group>"; };
		D07B0A9E2182BB5800EA3DD2 /* Base */ = {isa = PBXFileReference; lastKnownFileType = file.storyboard; name = Base; path = Base.lproj/LaunchScreen.storyboard; sourceTree = "<group>"; };
		D07B0AA02182BB5800EA3DD2 /* Info.plist */ = {isa = PBXFileReference; lastKnownFileType = text.plist.xml; path = Info.plist; sourceTree = "<group>"; };
		D07B0AA12182BB5800EA3DD2 /* main.m */ = {isa = PBXFileReference; lastKnownFileType = sourcecode.c.objc; path = main.m; sourceTree = "<group>"; };
		D07B0AAA2182BF0200EA3DD2 /* GMSPlacesClient.m */ = {isa = PBXFileReference; fileEncoding = 4; lastKnownFileType = sourcecode.c.objc; path = GMSPlacesClient.m; sourceTree = "<group>"; };
		D07B0AAB2182BF0200EA3DD2 /* GMSAutocompleteTableDataSource.h */ = {isa = PBXFileReference; fileEncoding = 4; lastKnownFileType = sourcecode.c.h; path = GMSAutocompleteTableDataSource.h; sourceTree = "<group>"; };
		D07B0AAC2182BF0200EA3DD2 /* GMSPlacePhotoMetadataList.h */ = {isa = PBXFileReference; fileEncoding = 4; lastKnownFileType = sourcecode.c.h; path = GMSPlacePhotoMetadataList.h; sourceTree = "<group>"; };
		D07B0AAD2182BF0200EA3DD2 /* GMSPlacePhotoMetadata.m */ = {isa = PBXFileReference; fileEncoding = 4; lastKnownFileType = sourcecode.c.objc; path = GMSPlacePhotoMetadata.m; sourceTree = "<group>"; };
		D07B0AAE2182BF0200EA3DD2 /* GMSPlaceLikelihoodList.h */ = {isa = PBXFileReference; fileEncoding = 4; lastKnownFileType = sourcecode.c.h; path = GMSPlaceLikelihoodList.h; sourceTree = "<group>"; };
		D07B0AAF2182BF0200EA3DD2 /* GMSAutocompleteResultsTableViewDelegate.h */ = {isa = PBXFileReference; fileEncoding = 4; lastKnownFileType = sourcecode.c.h; path = GMSAutocompleteResultsTableViewDelegate.h; sourceTree = "<group>"; };
		D07B0AB02182BF0200EA3DD2 /* GMSPlace.m */ = {isa = PBXFileReference; fileEncoding = 4; lastKnownFileType = sourcecode.c.objc; path = GMSPlace.m; sourceTree = "<group>"; };
		D07B0AB12182BF0200EA3DD2 /* GMSAddressComponent.h */ = {isa = PBXFileReference; fileEncoding = 4; lastKnownFileType = sourcecode.c.h; path = GMSAddressComponent.h; sourceTree = "<group>"; };
		D07B0AB22182BF0200EA3DD2 /* GMSAutocompleteFilter.h */ = {isa = PBXFileReference; fileEncoding = 4; lastKnownFileType = sourcecode.c.h; path = GMSAutocompleteFilter.h; sourceTree = "<group>"; };
		D07B0AB32182BF0200EA3DD2 /* GMSAutocompleteContentViewController.m */ = {isa = PBXFileReference; fileEncoding = 4; lastKnownFileType = sourcecode.c.objc; path = GMSAutocompleteContentViewController.m; sourceTree = "<group>"; };
		D07B0AB42182BF0200EA3DD2 /* GMSPlacesResources.m */ = {isa = PBXFileReference; fileEncoding = 4; lastKnownFileType = sourcecode.c.objc; path = GMSPlacesResources.m; sourceTree = "<group>"; };
		D07B0AB52182BF0200EA3DD2 /* GMSPlaceLikelihood.h */ = {isa = PBXFileReference; fileEncoding = 4; lastKnownFileType = sourcecode.c.h; path = GMSPlaceLikelihood.h; sourceTree = "<group>"; };
		D07B0AB72182BF0200EA3DD2 /* GMSPlaceTableViewCell.h */ = {isa = PBXFileReference; fileEncoding = 4; lastKnownFileType = sourcecode.c.h; path = GMSPlaceTableViewCell.h; sourceTree = "<group>"; };
		D07B0AB82182BF0200EA3DD2 /* GMSAutocompleteFetcher.h */ = {isa = PBXFileReference; fileEncoding = 4; lastKnownFileType = sourcecode.c.h; path = GMSAutocompleteFetcher.h; sourceTree = "<group>"; };
		D07B0AB92182BF0200EA3DD2 /* GMSAutocompleteResultsViewController.m */ = {isa = PBXFileReference; fileEncoding = 4; lastKnownFileType = sourcecode.c.objc; path = GMSAutocompleteResultsViewController.m; sourceTree = "<group>"; };
		D07B0ABA2182BF0200EA3DD2 /* GMSAutocompletePrediction.m */ = {isa = PBXFileReference; fileEncoding = 4; lastKnownFileType = sourcecode.c.objc; path = GMSAutocompletePrediction.m; sourceTree = "<group>"; };
		D07B0ABB2182BF0200EA3DD2 /* UIScrollView+NoDataExtend.m */ = {isa = PBXFileReference; fileEncoding = 4; lastKnownFileType = sourcecode.c.objc; path = "UIScrollView+NoDataExtend.m"; sourceTree = "<group>"; };
		D07B0ABC2182BF0200EA3DD2 /* GMSAutocompleteViewController.m */ = {isa = PBXFileReference; fileEncoding = 4; lastKnownFileType = sourcecode.c.objc; path = GMSAutocompleteViewController.m; sourceTree = "<group>"; };
		D07B0ABD2182BF0200EA3DD2 /* GMSAutocompleteMatchFragment.h */ = {isa = PBXFileReference; fileEncoding = 4; lastKnownFileType = sourcecode.c.h; path = GMSAutocompleteMatchFragment.h; sourceTree = "<group>"; };
		D07B0ABE2182BF0200EA3DD2 /* GMSAttributionTableViewCell.m */ = {isa = PBXFileReference; fileEncoding = 4; lastKnownFileType = sourcecode.c.objc; path = GMSAttributionTableViewCell.m; sourceTree = "<group>"; };
		D07B0ABF2182BF0200EA3DD2 /* GMSPlacePhotoMetadataList.m */ = {isa = PBXFileReference; fileEncoding = 4; lastKnownFileType = sourcecode.c.objc; path = GMSPlacePhotoMetadataList.m; sourceTree = "<group>"; };
		D07B0AC02182BF0200EA3DD2 /* GMSPlacePhotoMetadata.h */ = {isa = PBXFileReference; fileEncoding = 4; lastKnownFileType = sourcecode.c.h; path = GMSPlacePhotoMetadata.h; sourceTree = "<group>"; };
		D07B0AC12182BF0200EA3DD2 /* GMSAutocompleteTableDataSource.m */ = {isa = PBXFileReference; fileEncoding = 4; lastKnownFileType = sourcecode.c.objc; path = GMSAutocompleteTableDataSource.m; sourceTree = "<group>"; };
		D07B0AC22182BF0200EA3DD2 /* GMSPlacesClient.h */ = {isa = PBXFileReference; fileEncoding = 4; lastKnownFileType = sourcecode.c.h; path = GMSPlacesClient.h; sourceTree = "<group>"; };
		D07B0AC32182BF0200EA3DD2 /* GMSPlaceTypes.h */ = {isa = PBXFileReference; fileEncoding = 4; lastKnownFileType = sourcecode.c.h; path = GMSPlaceTypes.h; sourceTree = "<group>"; };
		D07B0AC42182BF0200EA3DD2 /* GMSAutocompleteBoundsMode.h */ = {isa = PBXFileReference; fileEncoding = 4; lastKnownFileType = sourcecode.c.h; path = GMSAutocompleteBoundsMode.h; sourceTree = "<group>"; };
		D07B0AC62182BF0200EA3DD2 /* GMSPlace.h */ = {isa = PBXFileReference; fileEncoding = 4; lastKnownFileType = sourcecode.c.h; path = GMSPlace.h; sourceTree = "<group>"; };
		D07B0AC72182BF0200EA3DD2 /* GMSPlaceLikelihoodList.m */ = {isa = PBXFileReference; fileEncoding = 4; lastKnownFileType = sourcecode.c.objc; path = GMSPlaceLikelihoodList.m; sourceTree = "<group>"; };
		D07B0AC82182BF0200EA3DD2 /* GooglePlaces.h */ = {isa = PBXFileReference; fileEncoding = 4; lastKnownFileType = sourcecode.c.h; path = GooglePlaces.h; sourceTree = "<group>"; };
		D07B0AC92182BF0200EA3DD2 /* GMSPlaceTableViewCell.m */ = {isa = PBXFileReference; fileEncoding = 4; lastKnownFileType = sourcecode.c.objc; path = GMSPlaceTableViewCell.m; sourceTree = "<group>"; };
		D07B0ACA2182BF0200EA3DD2 /* GMSPlaceLikelihood.m */ = {isa = PBXFileReference; fileEncoding = 4; lastKnownFileType = sourcecode.c.objc; path = GMSPlaceLikelihood.m; sourceTree = "<group>"; };
		D07B0ACB2182BF0200EA3DD2 /* GMSPlacesResources.h */ = {isa = PBXFileReference; fileEncoding = 4; lastKnownFileType = sourcecode.c.h; path = GMSPlacesResources.h; sourceTree = "<group>"; };
		D07B0ACC2182BF0200EA3DD2 /* GMSAutocompleteContentViewController.h */ = {isa = PBXFileReference; fileEncoding = 4; lastKnownFileType = sourcecode.c.h; path = GMSAutocompleteContentViewController.h; sourceTree = "<group>"; };
		D07B0ACD2182BF0200EA3DD2 /* GMSAutocompleteFilter.m */ = {isa = PBXFileReference; fileEncoding = 4; lastKnownFileType = sourcecode.c.objc; path = GMSAutocompleteFilter.m; sourceTree = "<group>"; };
		D07B0ACE2182BF0200EA3DD2 /* GMSAddressComponent.m */ = {isa = PBXFileReference; fileEncoding = 4; lastKnownFileType = sourcecode.c.objc; path = GMSAddressComponent.m; sourceTree = "<group>"; };
		D07B0ACF2182BF0200EA3DD2 /* GMSAutocompleteMatchFragment.m */ = {isa = PBXFileReference; fileEncoding = 4; lastKnownFileType = sourcecode.c.objc; path = GMSAutocompleteMatchFragment.m; sourceTree = "<group>"; };
		D07B0AD02182BF0200EA3DD2 /* GMSAttributionTableViewCell.h */ = {isa = PBXFileReference; fileEncoding = 4; lastKnownFileType = sourcecode.c.h; path = GMSAttributionTableViewCell.h; sourceTree = "<group>"; };
		D07B0AD12182BF0200EA3DD2 /* GMSAutocompleteViewController.h */ = {isa = PBXFileReference; fileEncoding = 4; lastKnownFileType = sourcecode.c.h; path = GMSAutocompleteViewController.h; sourceTree = "<group>"; };
		D07B0AD22182BF0200EA3DD2 /* UIScrollView+NoDataExtend.h */ = {isa = PBXFileReference; fileEncoding = 4; lastKnownFileType = sourcecode.c.h; path = "UIScrollView+NoDataExtend.h"; sourceTree = "<group>"; };
		D07B0AD32182BF0200EA3DD2 /* GMSAutocompletePrediction.h */ = {isa = PBXFileReference; fileEncoding = 4; lastKnownFileType = sourcecode.c.h; path = GMSAutocompletePrediction.h; sourceTree = "<group>"; };
		D07B0AD42182BF0200EA3DD2 /* GMSPlacesErrors.h */ = {isa = PBXFileReference; fileEncoding = 4; lastKnownFileType = sourcecode.c.h; path = GMSPlacesErrors.h; sourceTree = "<group>"; };
		D07B0AD52182BF0200EA3DD2 /* GMSPlaceTypes.m */ = {isa = PBXFileReference; fileEncoding = 4; lastKnownFileType = sourcecode.c.objc; path = GMSPlaceTypes.m; sourceTree = "<group>"; };
		D07B0AD62182BF0200EA3DD2 /* GMSAutocompleteResultsViewController.h */ = {isa = PBXFileReference; fileEncoding = 4; lastKnownFileType = sourcecode.c.h; path = GMSAutocompleteResultsViewController.h; sourceTree = "<group>"; };
		D07B0AD72182BF0200EA3DD2 /* GMSAutocompleteFetcher.m */ = {isa = PBXFileReference; fileEncoding = 4; lastKnownFileType = sourcecode.c.objc; path = GMSAutocompleteFetcher.m; sourceTree = "<group>"; };
		D07B0B022182CDF600EA3DD2 /* GMSPlacesResources.bundle */ = {isa = PBXFileReference; lastKnownFileType = "wrapper.plug-in"; path = GMSPlacesResources.bundle; sourceTree = "<group>"; };
		D07B0B042182CF0600EA3DD2 /* README.md */ = {isa = PBXFileReference; fileEncoding = 4; lastKnownFileType = net.daringfireball.markdown; path = README.md; sourceTree = "<group>"; };
/* End PBXFileReference section */

/* Begin PBXFrameworksBuildPhase section */
		D07B0A8C2182BB5600EA3DD2 /* Frameworks */ = {
			isa = PBXFrameworksBuildPhase;
			buildActionMask = 2147483647;
			files = (
			);
			runOnlyForDeploymentPostprocessing = 0;
		};
/* End PBXFrameworksBuildPhase section */

/* Begin PBXGroup section */
		D07B0A862182BB5600EA3DD2 = {
			isa = PBXGroup;
			children = (
				D07B0B042182CF0600EA3DD2 /* README.md */,
				D07B0A912182BB5600EA3DD2 /* GooglePlaces */,
				D07B0A902182BB5600EA3DD2 /* Products */,
			);
			sourceTree = "<group>";
		};
		D07B0A902182BB5600EA3DD2 /* Products */ = {
			isa = PBXGroup;
			children = (
				D07B0A8F2182BB5600EA3DD2 /* GooglePlaces.app */,
			);
			name = Products;
			sourceTree = "<group>";
		};
		D07B0A912182BB5600EA3DD2 /* GooglePlaces */ = {
			isa = PBXGroup;
			children = (
				D07B0B012182CDDE00EA3DD2 /* Resource */,
				D07B0AA82182BF0200EA3DD2 /* GooglePlaces */,
				D07B0A922182BB5600EA3DD2 /* AppDelegate.h */,
				D07B0A932182BB5600EA3DD2 /* AppDelegate.m */,
				D07B0A952182BB5600EA3DD2 /* ViewController.h */,
				D07B0A962182BB5600EA3DD2 /* ViewController.m */,
				D07B0A982182BB5600EA3DD2 /* Main.storyboard */,
				D07B0A9B2182BB5800EA3DD2 /* Assets.xcassets */,
				D07B0A9D2182BB5800EA3DD2 /* LaunchScreen.storyboard */,
				D07B0AA02182BB5800EA3DD2 /* Info.plist */,
				D07B0AA12182BB5800EA3DD2 /* main.m */,
			);
			path = GooglePlaces;
			sourceTree = "<group>";
		};
		D07B0AA82182BF0200EA3DD2 /* GooglePlaces */ = {
			isa = PBXGroup;
			children = (
				D07B0AAA2182BF0200EA3DD2 /* GMSPlacesClient.m */,
				D07B0AAB2182BF0200EA3DD2 /* GMSAutocompleteTableDataSource.h */,
				D07B0AAC2182BF0200EA3DD2 /* GMSPlacePhotoMetadataList.h */,
				D07B0AAD2182BF0200EA3DD2 /* GMSPlacePhotoMetadata.m */,
				D07B0AAE2182BF0200EA3DD2 /* GMSPlaceLikelihoodList.h */,
				D07B0AAF2182BF0200EA3DD2 /* GMSAutocompleteResultsTableViewDelegate.h */,
				D07B0AB02182BF0200EA3DD2 /* GMSPlace.m */,
				D07B0AB12182BF0200EA3DD2 /* GMSAddressComponent.h */,
				D07B0AB22182BF0200EA3DD2 /* GMSAutocompleteFilter.h */,
				D07B0AB32182BF0200EA3DD2 /* GMSAutocompleteContentViewController.m */,
				D07B0AB42182BF0200EA3DD2 /* GMSPlacesResources.m */,
				D07B0AB52182BF0200EA3DD2 /* GMSPlaceLikelihood.h */,
				D07B0AB72182BF0200EA3DD2 /* GMSPlaceTableViewCell.h */,
				D07B0AB82182BF0200EA3DD2 /* GMSAutocompleteFetcher.h */,
				D07B0AB92182BF0200EA3DD2 /* GMSAutocompleteResultsViewController.m */,
				D07B0ABA2182BF0200EA3DD2 /* GMSAutocompletePrediction.m */,
				D07B0ABB2182BF0200EA3DD2 /* UIScrollView+NoDataExtend.m */,
				D07B0ABC2182BF0200EA3DD2 /* GMSAutocompleteViewController.m */,
				D07B0ABD2182BF0200EA3DD2 /* GMSAutocompleteMatchFragment.h */,
				D07B0ABE2182BF0200EA3DD2 /* GMSAttributionTableViewCell.m */,
				D07B0ABF2182BF0200EA3DD2 /* GMSPlacePhotoMetadataList.m */,
				D07B0AC02182BF0200EA3DD2 /* GMSPlacePhotoMetadata.h */,
				D07B0AC12182BF0200EA3DD2 /* GMSAutocompleteTableDataSource.m */,
				D07B0AC22182BF0200EA3DD2 /* GMSPlacesClient.h */,
				D07B0AC32182BF0200EA3DD2 /* GMSPlaceTypes.h */,
				D07B0AC42182BF0200EA3DD2 /* GMSAutocompleteBoundsMode.h */,
				D07B0AC62182BF0200EA3DD2 /* GMSPlace.h */,
				D07B0AC72182BF0200EA3DD2 /* GMSPlaceLikelihoodList.m */,
				D07B0AC82182BF0200EA3DD2 /* GooglePlaces.h */,
				D07B0AC92182BF0200EA3DD2 /* GMSPlaceTableViewCell.m */,
				D07B0ACA2182BF0200EA3DD2 /* GMSPlaceLikelihood.m */,
				D07B0ACB2182BF0200EA3DD2 /* GMSPlacesResources.h */,
				D07B0ACC2182BF0200EA3DD2 /* GMSAutocompleteContentViewController.h */,
				D07B0ACD2182BF0200EA3DD2 /* GMSAutocompleteFilter.m */,
				D07B0ACE2182BF0200EA3DD2 /* GMSAddressComponent.m */,
				D07B0ACF2182BF0200EA3DD2 /* GMSAutocompleteMatchFragment.m */,
				D07B0AD02182BF0200EA3DD2 /* GMSAttributionTableViewCell.h */,
				D07B0AD12182BF0200EA3DD2 /* GMSAutocompleteViewController.h */,
				D07B0AD22182BF0200EA3DD2 /* UIScrollView+NoDataExtend.h */,
				D07B0AD32182BF0200EA3DD2 /* GMSAutocompletePrediction.h */,
				D07B0AD42182BF0200EA3DD2 /* GMSPlacesErrors.h */,
				D07B0AD52182BF0200EA3DD2 /* GMSPlaceTypes.m */,
				D07B0AD62182BF0200EA3DD2 /* GMSAutocompleteResultsViewController.h */,
				D07B0AD72182BF0200EA3DD2 /* GMSAutocompleteFetcher.m */,
			);
			path = GooglePlaces;
			sourceTree = "<group>";
		};
		D07B0B012182CDDE00EA3DD2 /* Resource */ = {
			isa = PBXGroup;
			children = (
				D07B0B022182CDF600EA3DD2 /* GMSPlacesResources.bundle */,
			);
			path = Resource;
			sourceTree = "<group>";
		};
/* End PBXGroup section */

/* Begin PBXNativeTarget section */
		D07B0A8E2182BB5600EA3DD2 /* GooglePlaces */ = {
			isa = PBXNativeTarget;
			buildConfigurationList = D07B0AA52182BB5800EA3DD2 /* Build configuration list for PBXNativeTarget "GooglePlaces" */;
			buildPhases = (
				D07B0A8B2182BB5600EA3DD2 /* Sources */,
				D07B0A8C2182BB5600EA3DD2 /* Frameworks */,
				D07B0A8D2182BB5600EA3DD2 /* Resources */,
			);
			buildRules = (
			);
			dependencies = (
			);
			name = GooglePlaces;
			productName = GooglePlaces;
			productReference = D07B0A8F2182BB5600EA3DD2 /* GooglePlaces.app */;
			productType = "com.apple.product-type.application";
		};
/* End PBXNativeTarget section */

/* Begin PBXProject section */
		D07B0A872182BB5600EA3DD2 /* Project object */ = {
			isa = PBXProject;
			attributes = {
				LastUpgradeCheck = 1010;
				ORGANIZATIONNAME = xiaoyuan;
				TargetAttributes = {
					D07B0A8E2182BB5600EA3DD2 = {
						CreatedOnToolsVersion = 10.1;
					};
				};
			};
			buildConfigurationList = D07B0A8A2182BB5600EA3DD2 /* Build configuration list for PBXProject "GooglePlaces" */;
			compatibilityVersion = "Xcode 9.3";
			developmentRegion = en;
			hasScannedForEncodings = 0;
			knownRegions = (
				en,
				Base,
			);
			mainGroup = D07B0A862182BB5600EA3DD2;
			productRefGroup = D07B0A902182BB5600EA3DD2 /* Products */;
			projectDirPath = "";
			projectRoot = "";
			targets = (
				D07B0A8E2182BB5600EA3DD2 /* GooglePlaces */,
			);
		};
/* End PBXProject section */

/* Begin PBXResourcesBuildPhase section */
		D07B0A8D2182BB5600EA3DD2 /* Resources */ = {
			isa = PBXResourcesBuildPhase;
			buildActionMask = 2147483647;
			files = (
				D07B0A9F2182BB5800EA3DD2 /* LaunchScreen.storyboard in Resources */,
				D07B0A9C2182BB5800EA3DD2 /* Assets.xcassets in Resources */,
				D07B0B052182CF0600EA3DD2 /* README.md in Resources */,
				D07B0A9A2182BB5600EA3DD2 /* Main.storyboard in Resources */,
				D07B0B032182CDF600EA3DD2 /* GMSPlacesResources.bundle in Resources */,
			);
			runOnlyForDeploymentPostprocessing = 0;
		};
/* End PBXResourcesBuildPhase section */

/* Begin PBXSourcesBuildPhase section */
		D07B0A8B2182BB5600EA3DD2 /* Sources */ = {
			isa = PBXSourcesBuildPhase;
			buildActionMask = 2147483647;
			files = (
				D07B0AE02182BF0200EA3DD2 /* UIScrollView+NoDataExtend.m in Sources */,
				D07B0A972182BB5600EA3DD2 /* ViewController.m in Sources */,
				D07B0ADC2182BF0200EA3DD2 /* GMSPlacesResources.m in Sources */,
				D07B0AE22182BF0200EA3DD2 /* GMSAttributionTableViewCell.m in Sources */,
				D07B0AA22182BB5800EA3DD2 /* main.m in Sources */,
				D07B0AD92182BF0200EA3DD2 /* GMSPlacePhotoMetadata.m in Sources */,
				D07B0AE42182BF0200EA3DD2 /* GMSAutocompleteTableDataSource.m in Sources */,
				D07B0ADF2182BF0200EA3DD2 /* GMSAutocompletePrediction.m in Sources */,
				D07B0AE62182BF0200EA3DD2 /* GMSPlaceLikelihoodList.m in Sources */,
				D07B0AE32182BF0200EA3DD2 /* GMSPlacePhotoMetadataList.m in Sources */,
				D07B0ADB2182BF0200EA3DD2 /* GMSAutocompleteContentViewController.m in Sources */,
				D07B0ADA2182BF0200EA3DD2 /* GMSPlace.m in Sources */,
				D07B0AED2182BF0200EA3DD2 /* GMSAutocompleteFetcher.m in Sources */,
				D07B0AD82182BF0200EA3DD2 /* GMSPlacesClient.m in Sources */,
				D07B0AEA2182BF0200EA3DD2 /* GMSAddressComponent.m in Sources */,
				D07B0AEC2182BF0200EA3DD2 /* GMSPlaceTypes.m in Sources */,
				D07B0AE82182BF0200EA3DD2 /* GMSPlaceLikelihood.m in Sources */,
				D07B0ADE2182BF0200EA3DD2 /* GMSAutocompleteResultsViewController.m in Sources */,
				D07B0AEB2182BF0200EA3DD2 /* GMSAutocompleteMatchFragment.m in Sources */,
				D07B0AE12182BF0200EA3DD2 /* GMSAutocompleteViewController.m in Sources */,
				D07B0AE92182BF0200EA3DD2 /* GMSAutocompleteFilter.m in Sources */,
				D07B0A942182BB5600EA3DD2 /* AppDelegate.m in Sources */,
				D07B0AE72182BF0200EA3DD2 /* GMSPlaceTableViewCell.m in Sources */,
			);
			runOnlyForDeploymentPostprocessing = 0;
		};
/* End PBXSourcesBuildPhase section */

/* Begin PBXVariantGroup section */
		D07B0A982182BB5600EA3DD2 /* Main.storyboard */ = {
			isa = PBXVariantGroup;
			children = (
				D07B0A992182BB5600EA3DD2 /* Base */,
			);
			name = Main.storyboard;
			sourceTree = "<group>";
		};
		D07B0A9D2182BB5800EA3DD2 /* LaunchScreen.storyboard */ = {
			isa = PBXVariantGroup;
			children = (
				D07B0A9E2182BB5800EA3DD2 /* Base */,
			);
			name = LaunchScreen.storyboard;
			sourceTree = "<group>";
		};
/* End PBXVariantGroup section */

/* Begin XCBuildConfiguration section */
		D07B0AA32182BB5800EA3DD2 /* Debug */ = {
			isa = XCBuildConfiguration;
			buildSettings = {
				ALWAYS_SEARCH_USER_PATHS = NO;
				CLANG_ANALYZER_NONNULL = YES;
				CLANG_ANALYZER_NUMBER_OBJECT_CONVERSION = YES_AGGRESSIVE;
				CLANG_CXX_LANGUAGE_STANDARD = "gnu++14";
				CLANG_CXX_LIBRARY = "libc++";
				CLANG_ENABLE_MODULES = YES;
				CLANG_ENABLE_OBJC_ARC = YES;
				CLANG_ENABLE_OBJC_WEAK = YES;
				CLANG_WARN_BLOCK_CAPTURE_AUTORELEASING = YES;
				CLANG_WARN_BOOL_CONVERSION = YES;
				CLANG_WARN_COMMA = YES;
				CLANG_WARN_CONSTANT_CONVERSION = YES;
				CLANG_WARN_DEPRECATED_OBJC_IMPLEMENTATIONS = YES;
				CLANG_WARN_DIRECT_OBJC_ISA_USAGE = YES_ERROR;
				CLANG_WARN_DOCUMENTATION_COMMENTS = YES;
				CLANG_WARN_EMPTY_BODY = YES;
				CLANG_WARN_ENUM_CONVERSION = YES;
				CLANG_WARN_INFINITE_RECURSION = YES;
				CLANG_WARN_INT_CONVERSION = YES;
				CLANG_WARN_NON_LITERAL_NULL_CONVERSION = YES;
				CLANG_WARN_OBJC_IMPLICIT_RETAIN_SELF = YES;
				CLANG_WARN_OBJC_LITERAL_CONVERSION = YES;
				CLANG_WARN_OBJC_ROOT_CLASS = YES_ERROR;
				CLANG_WARN_RANGE_LOOP_ANALYSIS = YES;
				CLANG_WARN_STRICT_PROTOTYPES = YES;
				CLANG_WARN_SUSPICIOUS_MOVE = YES;
				CLANG_WARN_UNGUARDED_AVAILABILITY = YES_AGGRESSIVE;
				CLANG_WARN_UNREACHABLE_CODE = YES;
				CLANG_WARN__DUPLICATE_METHOD_MATCH = YES;
				CODE_SIGN_IDENTITY = "iPhone Developer";
				COPY_PHASE_STRIP = NO;
				DEBUG_INFORMATION_FORMAT = dwarf;
				ENABLE_STRICT_OBJC_MSGSEND = YES;
				ENABLE_TESTABILITY = YES;
				GCC_C_LANGUAGE_STANDARD = gnu11;
				GCC_DYNAMIC_NO_PIC = NO;
				GCC_NO_COMMON_BLOCKS = YES;
				GCC_OPTIMIZATION_LEVEL = 0;
				GCC_PREPROCESSOR_DEFINITIONS = (
					"DEBUG=1",
					"$(inherited)",
				);
				GCC_WARN_64_TO_32_BIT_CONVERSION = YES;
				GCC_WARN_ABOUT_RETURN_TYPE = YES_ERROR;
				GCC_WARN_UNDECLARED_SELECTOR = YES;
				GCC_WARN_UNINITIALIZED_AUTOS = YES_AGGRESSIVE;
				GCC_WARN_UNUSED_FUNCTION = YES;
				GCC_WARN_UNUSED_VARIABLE = YES;
				IPHONEOS_DEPLOYMENT_TARGET = 12.1;
				MTL_ENABLE_DEBUG_INFO = INCLUDE_SOURCE;
				MTL_FAST_MATH = YES;
				ONLY_ACTIVE_ARCH = YES;
				SDKROOT = iphoneos;
			};
			name = Debug;
		};
		D07B0AA42182BB5800EA3DD2 /* Release */ = {
			isa = XCBuildConfiguration;
			buildSettings = {
				ALWAYS_SEARCH_USER_PATHS = NO;
				CLANG_ANALYZER_NONNULL = YES;
				CLANG_ANALYZER_NUMBER_OBJECT_CONVERSION = YES_AGGRESSIVE;
				CLANG_CXX_LANGUAGE_STANDARD = "gnu++14";
				CLANG_CXX_LIBRARY = "libc++";
				CLANG_ENABLE_MODULES = YES;
				CLANG_ENABLE_OBJC_ARC = YES;
				CLANG_ENABLE_OBJC_WEAK = YES;
				CLANG_WARN_BLOCK_CAPTURE_AUTORELEASING = YES;
				CLANG_WARN_BOOL_CONVERSION = YES;
				CLANG_WARN_COMMA = YES;
				CLANG_WARN_CONSTANT_CONVERSION = YES;
				CLANG_WARN_DEPRECATED_OBJC_IMPLEMENTATIONS = YES;
				CLANG_WARN_DIRECT_OBJC_ISA_USAGE = YES_ERROR;
				CLANG_WARN_DOCUMENTATION_COMMENTS = YES;
				CLANG_WARN_EMPTY_BODY = YES;
				CLANG_WARN_ENUM_CONVERSION = YES;
				CLANG_WARN_INFINITE_RECURSION = YES;
				CLANG_WARN_INT_CONVERSION = YES;
				CLANG_WARN_NON_LITERAL_NULL_CONVERSION = YES;
				CLANG_WARN_OBJC_IMPLICIT_RETAIN_SELF = YES;
				CLANG_WARN_OBJC_LITERAL_CONVERSION = YES;
				CLANG_WARN_OBJC_ROOT_CLASS = YES_ERROR;
				CLANG_WARN_RANGE_LOOP_ANALYSIS = YES;
				CLANG_WARN_STRICT_PROTOTYPES = YES;
				CLANG_WARN_SUSPICIOUS_MOVE = YES;
				CLANG_WARN_UNGUARDED_AVAILABILITY = YES_AGGRESSIVE;
				CLANG_WARN_UNREACHABLE_CODE = YES;
				CLANG_WARN__DUPLICATE_METHOD_MATCH = YES;
				CODE_SIGN_IDENTITY = "iPhone Developer";
				COPY_PHASE_STRIP = NO;
				DEBUG_INFORMATION_FORMAT = "dwarf-with-dsym";
				ENABLE_NS_ASSERTIONS = NO;
				ENABLE_STRICT_OBJC_MSGSEND = YES;
				GCC_C_LANGUAGE_STANDARD = gnu11;
				GCC_NO_COMMON_BLOCKS = YES;
				GCC_WARN_64_TO_32_BIT_CONVERSION = YES;
				GCC_WARN_ABOUT_RETURN_TYPE = YES_ERROR;
				GCC_WARN_UNDECLARED_SELECTOR = YES;
				GCC_WARN_UNINITIALIZED_AUTOS = YES_AGGRESSIVE;
				GCC_WARN_UNUSED_FUNCTION = YES;
				GCC_WARN_UNUSED_VARIABLE = YES;
				IPHONEOS_DEPLOYMENT_TARGET = 12.1;
				MTL_ENABLE_DEBUG_INFO = NO;
				MTL_FAST_MATH = YES;
				SDKROOT = iphoneos;
				VALIDATE_PRODUCT = YES;
			};
			name = Release;
		};
		D07B0AA62182BB5800EA3DD2 /* Debug */ = {
			isa = XCBuildConfiguration;
			buildSettings = {
				ASSETCATALOG_COMPILER_APPICON_NAME = AppIcon;
				CODE_SIGN_STYLE = Automatic;
				DEVELOPMENT_TEAM = NKW67GFDHM;
				INFOPLIST_FILE = GooglePlaces/Info.plist;
				IPHONEOS_DEPLOYMENT_TARGET = 9.0;
				LD_RUNPATH_SEARCH_PATHS = (
					"$(inherited)",
					"@executable_path/Frameworks",
				);
				PRODUCT_BUNDLE_IDENTIFIER = com.alpface.GooglePlaces;
				PRODUCT_NAME = "$(TARGET_NAME)";
				TARGETED_DEVICE_FAMILY = "1,2";
			};
			name = Debug;
		};
		D07B0AA72182BB5800EA3DD2 /* Release */ = {
			isa = XCBuildConfiguration;
			buildSettings = {
				ASSETCATALOG_COMPILER_APPICON_NAME = AppIcon;
				CODE_SIGN_STYLE = Automatic;
				DEVELOPMENT_TEAM = NKW67GFDHM;
				INFOPLIST_FILE = GooglePlaces/Info.plist;
				IPHONEOS_DEPLOYMENT_TARGET = 9.0;
				LD_RUNPATH_SEARCH_PATHS = (
					"$(inherited)",
					"@executable_path/Frameworks",
				);
				PRODUCT_BUNDLE_IDENTIFIER = com.alpface.GooglePlaces;
				PRODUCT_NAME = "$(TARGET_NAME)";
				TARGETED_DEVICE_FAMILY = "1,2";
			};
			name = Release;
		};
/* End XCBuildConfiguration section */

/* Begin XCConfigurationList section */
		D07B0A8A2182BB5600EA3DD2 /* Build configuration list for PBXProject "GooglePlaces" */ = {
			isa = XCConfigurationList;
			buildConfigurations = (
				D07B0AA32182BB5800EA3DD2 /* Debug */,
				D07B0AA42182BB5800EA3DD2 /* Release */,
			);
			defaultConfigurationIsVisible = 0;
			defaultConfigurationName = Release;
		};
		D07B0AA52182BB5800EA3DD2 /* Build configuration list for PBXNativeTarget "GooglePlaces" */ = {
			isa = XCConfigurationList;
			buildConfigurations = (
				D07B0AA62182BB5800EA3DD2 /* Debug */,
				D07B0AA72182BB5800EA3DD2 /* Release */,
			);
			defaultConfigurationIsVisible = 0;
			defaultConfigurationName = Release;
		};
/* End XCConfigurationList section */
	};
	rootObject = D07B0A872182BB5600EA3DD2 /* Project object */;
}
